
Microsoft Visual Studio Solution File, Format Version 12.00
# Visual Studio Version 16
VisualStudioVersion = 16.0.30611.23
MinimumVisualStudioVersion = 10.0.40219.1
Project("{FAE04EC0-301F-11D3-BF4B-00C04F79EFBC}") = "WebApplicationNetCore", "WebApplicationNetCore\WebApplicationNetCore.csproj", "{D0426D62-2D22-4C92-B531-C87747B10BFA}"
EndProject
Global
	GlobalSection(SolutionConfigurationPlatforms) = preSolution
		Debug|Any CPU = Debug|Any CPU
		Release|Any CPU = Release|Any CPU
	EndGlobalSection
	GlobalSection(ProjectConfigurationPlatforms) = postSolution
		{D0426D62-2D22-4C92-B531-C87747B10BFA}.Debug|Any CPU.ActiveCfg = Debug|Any CPU
		{D0426D62-2D22-4C92-B531-C87747B10BFA}.Debug|Any CPU.Build.0 = Debug|Any CPU
		{D0426D62-2D22-4C92-B531-C87747B10BFA}.Release|Any CPU.ActiveCfg = Release|Any CPU
		{D0426D62-2D22-4C92-B531-C87747B10BFA}.Release|Any CPU.Build.0 = Release|Any CPU
	EndGlobalSection
	GlobalSection(SolutionProperties) = preSolution
		HideSolutionNode = FALSE
	EndGlobalSection
	GlobalSection(ExtensibilityGlobals) = postSolution
		SolutionGuid = {FB9737B3-FF3C-4D28-BCC2-17A66BF9D722}
	EndGlobalSection
EndGlobal
